{
    "name": "example",
    "version": "1.0.0",
    "lockfileVersion": 3,
    "requires": true,
    "packages": {
        "": {
            "name": "example",
            "version": "1.0.0",
            "license": "ISC",
            "dependencies": {
                "virtuals-protocol": "file:../dist/@virtuals-protocol"
            }
        },
        "..": {
            "version": "1.0.0",
            "license": "ISC",
            "dependencies": {
                "dotenv": "^16.4.7",
                "ethers": "^6.13.5",
                "needle": "^3.3.1"
            },
            "devDependencies": {
                "@eslint/js": "^9.18.0",
                "@types/needle": "^3.3.0",
                "@typescript-eslint/eslint-plugin": "^8.20.0",
                "@typescript-eslint/parser": "^8.20.0",
                "eslint": "^9.18.0",
                "globals": "^15.14.0",
                "ts-node": "^10.9.2",
                "typescript": "^5.7.3",
                "typescript-eslint": "^8.20.0"
            }
        },
        "../dist/@virtuals-protocol": {},
        "../dist/@virtuals-protocol/game": {
            "version": "0.1.5",
            "extraneous": true,
            "license": "MIT",
            "dependencies": {
                "@mtproto/core": "^6.3.0",
                "axios": "^1.7.9",
                "copyfiles": "^2.4.1",
                "uuid": "^11.0.5"
            },
            "devDependencies": {
                "@types/jest": "^29.5.14",
                "@types/jsonwebtoken": "^9.0.7",
                "@types/node": "^22.10.3",
                "@typescript-eslint/eslint-plugin": "^8.19.1",
                "@typescript-eslint/parser": "^8.19.1",
                "eslint": "^9.17.0",
                "jest": "^29.7.0",
                "ts-jest": "^29.2.5",
                "ts-node": "^10.9.2",
                "ts-node-dev": "^2.0.0",
                "tsup": "^8.3.5",
                "typescript": "^5.7.3"
            }
        },
        "../dist/lib": {
            "extraneous": true
        },
        "../dist/virtual-api-sdk": {
            "extraneous": true
        },
        "../dist/vp-trade-sdk": {
            "extraneous": true
        },
        "../dist/wp-trade-sdk": {
            "extraneous": true
        },
        "node_modules/virtuals-protocol": {
            "resolved": "../dist/@virtuals-protocol",
            "link": true
        }
    }
}
